// !$*UTF8*$!
{
	archiveVersion = 1;
	classes = {
	};
	objectVersion = 77;
	objects = {

/* Begin PBXBuildFile section */
		F65A62FB2FD9BC7C00BED8CF /* DriverKit.framework in Frameworks */ = {isa = PBXBuildFile; fileRef = F65A62FA2FD9BC7C00BED8CF /* DriverKit.framework */; };
/* End PBXBuildFile section */

/* Begin PBXContainerItemProxy section */
		F6A7145B2FD9C44400D5C00D /* PBXContainerItemProxy */ = {
			isa = PBXContainerItemProxy;
			containerPortal = F65A62EE2FD9BC7C00BED8CF /* Project object */;
			proxyType = 1;
			remoteGlobalIDString = F6A714492FD9C44400D5C00D;
			remoteInfo = "H1mekaRTXProbeInstaller H1mekaRTXProbeInstaller";
		};
		F6A714652FD9C44500D5C00D /* PBXContainerItemProxy */ = {
			isa = PBXContainerItemProxy;
			containerPortal = F65A62EE2FD9BC7C00BED8CF /* Project object */;
			proxyType = 1;
			remoteGlobalIDString = F6A714492FD9C44400D5C00D;
			remoteInfo = "H1mekaRTXProbeInstaller H1mekaRTXProbeInstaller";
		};
/* End PBXContainerItemProxy section */

/* Begin PBXFileReference section */
		F65A62F72FD9BC7C00BED8CF /* com.palanbanana.H1mekaRTXProbeHost.dext */ = {isa = PBXFileReference; explicitFileType = "wrapper.driver-extension"; includeInIndex = 0; path = com.palanbanana.H1mekaRTXProbeHost.dext; sourceTree = BUILT_PRODUCTS_DIR; };
		F65A62FA2FD9BC7C00BED8CF /* DriverKit.framework */ = {isa = PBXFileReference; lastKnownFileType = wrapper.framework; name = DriverKit.framework; path = Library/Frameworks/DriverKit.framework; sourceTree = DEVELOPER_DIR; };
		F6A7144A2FD9C44400D5C00D /* H1mekaRTXProbeInstaller H1mekaRTXProbeInstaller.app */ = {isa = PBXFileReference; explicitFileType = wrapper.application; includeInIndex = 0; path = "H1mekaRTXProbeInstaller H1mekaRTXProbeInstaller.app"; sourceTree = BUILT_PRODUCTS_DIR; };
		F6A7145A2FD9C44400D5C00D /* H1mekaRTXProbeInstaller H1mekaRTXProbeInstallerTests.xctest */ = {isa = PBXFileReference; explicitFileType = wrapper.cfbundle; includeInIndex = 0; path = "H1mekaRTXProbeInstaller H1mekaRTXProbeInstallerTests.xctest"; sourceTree = BUILT_PRODUCTS_DIR; };
		F6A714642FD9C44500D5C00D /* H1mekaRTXProbeInstaller H1mekaRTXProbeInstallerUITests.xctest */ = {isa = PBXFileReference; explicitFileType = wrapper.cfbundle; includeInIndex = 0; path = "H1mekaRTXProbeInstaller H1mekaRTXProbeInstallerUITests.xctest"; sourceTree = BUILT_PRODUCTS_DIR; };
/* End PBXFileReference section */

/* Begin PBXFileSystemSynchronizedBuildFileExceptionSet section */
		F65A63022FD9BC7C00BED8CF /* Exceptions for "H1mekaRTXProbeHost" folder in "H1mekaRTXProbeHost" target */ = {
			isa = PBXFileSystemSynchronizedBuildFileExceptionSet;
			membershipExceptions = (
				Info.plist,
			);
			target = F65A62F62FD9BC7C00BED8CF /* H1mekaRTXProbeHost */;
		};
/* End PBXFileSystemSynchronizedBuildFileExceptionSet section */

/* Begin PBXFileSystemSynchronizedRootGroup section */
		F65A62FC2FD9BC7C00BED8CF /* H1mekaRTXProbeHost */ = {
			isa = PBXFileSystemSynchronizedRootGroup;
			exceptions = (
				F65A63022FD9BC7C00BED8CF /* Exceptions for "H1mekaRTXProbeHost" folder in "H1mekaRTXProbeHost" target */,
			);
			path = H1mekaRTXProbeHost;
			sourceTree = "<group>";
		};
		F6A7144B2FD9C44400D5C00D /* H1mekaRTXProbeInstaller H1mekaRTXProbeInstaller */ = {
			isa = PBXFileSystemSynchronizedRootGroup;
			path = "H1mekaRTXProbeInstaller H1mekaRTXProbeInstaller";
			sourceTree = "<group>";
		};
		F6A7145D2FD9C44400D5C00D /* H1mekaRTXProbeInstaller H1mekaRTXProbeInstallerTests */ = {
			isa = PBXFileSystemSynchronizedRootGroup;
			path = "H1mekaRTXProbeInstaller H1mekaRTXProbeInstallerTests";
			sourceTree = "<group>";
		};
		F6A714672FD9C44500D5C00D /* H1mekaRTXProbeInstaller H1mekaRTXProbeInstallerUITests */ = {
			isa = PBXFileSystemSynchronizedRootGroup;
			path = "H1mekaRTXProbeInstaller H1mekaRTXProbeInstallerUITests";
			sourceTree = "<group>";
		};
/* End PBXFileSystemSynchronizedRootGroup section */

/* Begin PBXFrameworksBuildPhase section */
		F65A62F42FD9BC7C00BED8CF /* Frameworks */ = {
			isa = PBXFrameworksBuildPhase;
			buildActionMask = 2147483647;
			files = (
				F65A62FB2FD9BC7C00BED8CF /* DriverKit.framework in Frameworks */,
			);
			runOnlyForDeploymentPostprocessing = 0;
		};
		F6A714472FD9C44400D5C00D /* Frameworks */ = {
			isa = PBXFrameworksBuildPhase;
			buildActionMask = 2147483647;
			files = (
			);
			runOnlyForDeploymentPostprocessing = 0;
		};
		F6A714572FD9C44400D5C00D /* Frameworks */ = {
			isa = PBXFrameworksBuildPhase;
			buildActionMask = 2147483647;
			files = (
			);
			runOnlyForDeploymentPostprocessing = 0;
		};
		F6A714612FD9C44500D5C00D /* Frameworks */ = {
			isa = PBXFrameworksBuildPhase;
			buildActionMask = 2147483647;
			files = (
			);
			runOnlyForDeploymentPostprocessing = 0;
		};
/* End PBXFrameworksBuildPhase section */

/* Begin PBXGroup section */
		F65A62ED2FD9BC7C00BED8CF = {
			isa = PBXGroup;
			children = (
				F65A62FC2FD9BC7C00BED8CF /* H1mekaRTXProbeHost */,
				F6A7144B2FD9C44400D5C00D /* H1mekaRTXProbeInstaller H1mekaRTXProbeInstaller */,
				F6A7145D2FD9C44400D5C00D /* H1mekaRTXProbeInstaller H1mekaRTXProbeInstallerTests */,
				F6A714672FD9C44500D5C00D /* H1mekaRTXProbeInstaller H1mekaRTXProbeInstallerUITests */,
				F65A62F92FD9BC7C00BED8CF /* Frameworks */,
				F65A62F82FD9BC7C00BED8CF /* Products */,
			);
			sourceTree = "<group>";
		};
		F65A62F82FD9BC7C00BED8CF /* Products */ = {
			isa = PBXGroup;
			children = (
				F65A62F72FD9BC7C00BED8CF /* com.palanbanana.H1mekaRTXProbeHost.dext */,
				F6A7144A2FD9C44400D5C00D /* H1mekaRTXProbeInstaller H1mekaRTXProbeInstaller.app */,
				F6A7145A2FD9C44400D5C00D /* H1mekaRTXProbeInstaller H1mekaRTXProbeInstallerTests.xctest */,
				F6A714642FD9C44500D5C00D /* H1mekaRTXProbeInstaller H1mekaRTXProbeInstallerUITests.xctest */,
			);
			name = Products;
			sourceTree = "<group>";
		};
		F65A62F92FD9BC7C00BED8CF /* Frameworks */ = {
			isa = PBXGroup;
			children = (
				F65A62FA2FD9BC7C00BED8CF /* DriverKit.framework */,
			);
			name = Frameworks;
			sourceTree = "<group>";
		};
/* End PBXGroup section */

/* Begin PBXHeadersBuildPhase section */
		F65A62F22FD9BC7C00BED8CF /* Headers */ = {
			isa = PBXHeadersBuildPhase;
			buildActionMask = 2147483647;
			files = (
			);
			runOnlyForDeploymentPostprocessing = 0;
		};
/* End PBXHeadersBuildPhase section */

/* Begin PBXNativeTarget section */
		F65A62F62FD9BC7C00BED8CF /* H1mekaRTXProbeHost */ = {
			isa = PBXNativeTarget;
			buildConfigurationList = F65A63032FD9BC7C00BED8CF /* Build configuration list for PBXNativeTarget "H1mekaRTXProbeHost" */;
			buildPhases = (
				F65A62F22FD9BC7C00BED8CF /* Headers */,
				F65A62F32FD9BC7C00BED8CF /* Sources */,
				F65A62F42FD9BC7C00BED8CF /* Frameworks */,
				F65A62F52FD9BC7C00BED8CF /* Resources */,
			);
			buildRules = (
			);
			dependencies = (
			);
			fileSystemSynchronizedGroups = (
				F65A62FC2FD9BC7C00BED8CF /* H1mekaRTXProbeHost */,
			);
			name = H1mekaRTXProbeHost;
			packageProductDependencies = (
			);
			productName = H1mekaRTXProbeHost;
			productReference = F65A62F72FD9BC7C00BED8CF /* com.palanbanana.H1mekaRTXProbeHost.dext */;
			productType = "com.apple.product-type.driver-extension";
		};
		F6A714492FD9C44400D5C00D /* H1mekaRTXProbeInstaller H1mekaRTXProbeInstaller */ = {
			isa = PBXNativeTarget;
			buildConfigurationList = F6A714722FD9C44500D5C00D /* Build configuration list for PBXNativeTarget "H1mekaRTXProbeInstaller H1mekaRTXProbeInstaller" */;
			buildPhases = (
				F6A714462FD9C44400D5C00D /* Sources */,
				F6A714472FD9C44400D5C00D /* Frameworks */,
				F6A714482FD9C44400D5C00D /* Resources */,
			);
			buildRules = (
			);
			dependencies = (
			);
			fileSystemSynchronizedGroups = (
				F6A7144B2FD9C44400D5C00D /* H1mekaRTXProbeInstaller H1mekaRTXProbeInstaller */,
			);
			name = "H1mekaRTXProbeInstaller H1mekaRTXProbeInstaller";
			packageProductDependencies = (
			);
			productName = "H1mekaRTXProbeInstaller H1mekaRTXProbeInstaller";
			productReference = F6A7144A2FD9C44400D5C00D /* H1mekaRTXProbeInstaller H1mekaRTXProbeInstaller.app */;
			productType = "com.apple.product-type.application";
		};
		F6A714592FD9C44400D5C00D /* H1mekaRTXProbeInstaller H1mekaRTXProbeInstallerTests */ = {
			isa = PBXNativeTarget;
			buildConfigurationList = F6A714732FD9C44500D5C00D /* Build configuration list for PBXNativeTarget "H1mekaRTXProbeInstaller H1mekaRTXProbeInstallerTests" */;
			buildPhases = (
				F6A714562FD9C44400D5C00D /* Sources */,
				F6A714572FD9C44400D5C00D /* Frameworks */,
				F6A714582FD9C44400D5C00D /* Resources */,
			);
			buildRules = (
			);
			dependencies = (
				F6A7145C2FD9C44400D5C00D /* PBXTargetDependency */,
			);
			fileSystemSynchronizedGroups = (
				F6A7145D2FD9C44400D5C00D /* H1mekaRTXProbeInstaller H1mekaRTXProbeInstallerTests */,
			);
			name = "H1mekaRTXProbeInstaller H1mekaRTXProbeInstallerTests";
			packageProductDependencies = (
			);
			productName = "H1mekaRTXProbeInstaller H1mekaRTXProbeInstallerTests";
			productReference = F6A7145A2FD9C44400D5C00D /* H1mekaRTXProbeInstaller H1mekaRTXProbeInstallerTests.xctest */;
			productType = "com.apple.product-type.bundle.unit-test";
		};
		F6A714632FD9C44500D5C00D /* H1mekaRTXProbeInstaller H1mekaRTXProbeInstallerUITests */ = {
			isa = PBXNativeTarget;
			buildConfigurationList = F6A714742FD9C44500D5C00D /* Build configuration list for PBXNativeTarget "H1mekaRTXProbeInstaller H1mekaRTXProbeInstallerUITests" */;
			buildPhases = (
				F6A714602FD9C44500D5C00D /* Sources */,
				F6A714612FD9C44500D5C00D /* Frameworks */,
				F6A714622FD9C44500D5C00D /* Resources */,
			);
			buildRules = (
			);
			dependencies = (
				F6A714662FD9C44500D5C00D /* PBXTargetDependency */,
			);
			fileSystemSynchronizedGroups = (
				F6A714672FD9C44500D5C00D /* H1mekaRTXProbeInstaller H1mekaRTXProbeInstallerUITests */,
			);
			name = "H1mekaRTXProbeInstaller H1mekaRTXProbeInstallerUITests";
			packageProductDependencies = (
			);
			productName = "H1mekaRTXProbeInstaller H1mekaRTXProbeInstallerUITests";
			productReference = F6A714642FD9C44500D5C00D /* H1mekaRTXProbeInstaller H1mekaRTXProbeInstallerUITests.xctest */;
			productType = "com.apple.product-type.bundle.ui-testing";
		};
/* End PBXNativeTarget section */

/* Begin PBXProject section */
		F65A62EE2FD9BC7C00BED8CF /* Project object */ = {
			isa = PBXProject;
			attributes = {
				BuildIndependentTargetsInParallel = 1;
				LastSwiftUpdateCheck = 1620;
				LastUpgradeCheck = 1620;
				TargetAttributes = {
					F65A62F62FD9BC7C00BED8CF = {
						CreatedOnToolsVersion = 16.2;
					};
					F6A714492FD9C44400D5C00D = {
						CreatedOnToolsVersion = 16.2;
					};
					F6A714592FD9C44400D5C00D = {
						CreatedOnToolsVersion = 16.2;
						TestTargetID = F6A714492FD9C44400D5C00D;
					};
					F6A714632FD9C44500D5C00D = {
						CreatedOnToolsVersion = 16.2;
						TestTargetID = F6A714492FD9C44400D5C00D;
					};
				};
			};
			buildConfigurationList = F65A62F12FD9BC7C00BED8CF /* Build configuration list for PBXProject "H1mekaRTXProbeHost" */;
			developmentRegion = en;
			hasScannedForEncodings = 0;
			knownRegions = (
				en,
				Base,
			);
			mainGroup = F65A62ED2FD9BC7C00BED8CF;
			minimizedProjectReferenceProxies = 1;
			preferredProjectObjectVersion = 77;
			productRefGroup = F65A62F82FD9BC7C00BED8CF /* Products */;
			projectDirPath = "";
			projectRoot = "";
			targets = (
				F65A62F62FD9BC7C00BED8CF /* H1mekaRTXProbeHost */,
				F6A714492FD9C44400D5C00D /* H1mekaRTXProbeInstaller H1mekaRTXProbeInstaller */,
				F6A714592FD9C44400D5C00D /* H1mekaRTXProbeInstaller H1mekaRTXProbeInstallerTests */,
				F6A714632FD9C44500D5C00D /* H1mekaRTXProbeInstaller H1mekaRTXProbeInstallerUITests */,
			);
		};
/* End PBXProject section */

/* Begin PBXResourcesBuildPhase section */
		F65A62F52FD9BC7C00BED8CF /* Resources */ = {
			isa = PBXResourcesBuildPhase;
			buildActionMask = 2147483647;
			files = (
			);
			runOnlyForDeploymentPostprocessing = 0;
		};
		F6A714482FD9C44400D5C00D /* Resources */ = {
			isa = PBXResourcesBuildPhase;
			buildActionMask = 2147483647;
			files = (
			);
			runOnlyForDeploymentPostprocessing = 0;
		};
		F6A714582FD9C44400D5C00D /* Resources */ = {
			isa = PBXResourcesBuildPhase;
			buildActionMask = 2147483647;
			files = (
			);
			runOnlyForDeploymentPostprocessing = 0;
		};
		F6A714622FD9C44500D5C00D /* Resources */ = {
			isa = PBXResourcesBuildPhase;
			buildActionMask = 2147483647;
			files = (
			);
			runOnlyForDeploymentPostprocessing = 0;
		};
/* End PBXResourcesBuildPhase section */

/* Begin PBXSourcesBuildPhase section */
		F65A62F32FD9BC7C00BED8CF /* Sources */ = {
			isa = PBXSourcesBuildPhase;
			buildActionMask = 2147483647;
			files = (
			);
			runOnlyForDeploymentPostprocessing = 0;
		};
		F6A714462FD9C44400D5C00D /* Sources */ = {
			isa = PBXSourcesBuildPhase;
			buildActionMask = 2147483647;
			files = (
			);
			runOnlyForDeploymentPostprocessing = 0;
		};
		F6A714562FD9C44400D5C00D /* Sources */ = {
			isa = PBXSourcesBuildPhase;
			buildActionMask = 2147483647;
			files = (
			);
			runOnlyForDeploymentPostprocessing = 0;
		};
		F6A714602FD9C44500D5C00D /* Sources */ = {
			isa = PBXSourcesBuildPhase;
			buildActionMask = 2147483647;
			files = (
			);
			runOnlyForDeploymentPostprocessing = 0;
		};
/* End PBXSourcesBuildPhase section */

/* Begin PBXTargetDependency section */
		F6A7145C2FD9C44400D5C00D /* PBXTargetDependency */ = {
			isa = PBXTargetDependency;
			target = F6A714492FD9C44400D5C00D /* H1mekaRTXProbeInstaller H1mekaRTXProbeInstaller */;
			targetProxy = F6A7145B2FD9C44400D5C00D /* PBXContainerItemProxy */;
		};
		F6A714662FD9C44500D5C00D /* PBXTargetDependency */ = {
			isa = PBXTargetDependency;
			target = F6A714492FD9C44400D5C00D /* H1mekaRTXProbeInstaller H1mekaRTXProbeInstaller */;
			targetProxy = F6A714652FD9C44500D5C00D /* PBXContainerItemProxy */;
		};
/* End PBXTargetDependency section */

/* Begin XCBuildConfiguration section */
		F65A63042FD9BC7C00BED8CF /* Debug */ = {
			isa = XCBuildConfiguration;
			buildSettings = {
				CODE_SIGN_IDENTITY = "Apple Development";
				CODE_SIGN_STYLE = Automatic;
				CURRENT_PROJECT_VERSION = 1;
				DEVELOPMENT_TEAM = 29PMYP22C5;
				GENERATE_INFOPLIST_FILE = YES;
				INFOPLIST_FILE = H1mekaRTXProbeHost/Info.plist;
				MARKETING_VERSION = 1.0;
				"OTHER_LDFLAGS[arch=*]" = (
					"$(inherited)",
					"-framework",
					PCIDriverKit,
				);
				PRODUCT_BUNDLE_IDENTIFIER = com.palanbanana.H1mekaRTXProbeHost;
				PRODUCT_NAME = "$(inherited)";
				PROVISIONING_PROFILE_SPECIFIER = "";
				RUN_CLANG_STATIC_ANALYZER = YES;
				SKIP_INSTALL = YES;
				SWIFT_EMIT_LOC_STRINGS = YES;
			};
			name = Debug;
		};
		F65A63052FD9BC7C00BED8CF /* Release */ = {
			isa = XCBuildConfiguration;
			buildSettings = {
				CODE_SIGN_IDENTITY = "Apple Development";
				CODE_SIGN_STYLE = Automatic;
				CURRENT_PROJECT_VERSION = 1;
				DEVELOPMENT_TEAM = 29PMYP22C5;
				GENERATE_INFOPLIST_FILE = YES;
				INFOPLIST_FILE = H1mekaRTXProbeHost/Info.plist;
				MARKETING_VERSION = 1.0;
				"OTHER_LDFLAGS[arch=*]" = (
					"$(inherited)",
					"-framework",
					PCIDriverKit,
				);
				PRODUCT_BUNDLE_IDENTIFIER = com.palanbanana.H1mekaRTXProbeHost;
				PRODUCT_NAME = "$(inherited)";
				PROVISIONING_PROFILE_SPECIFIER = "";
				RUN_CLANG_STATIC_ANALYZER = YES;
				SKIP_INSTALL = YES;
				SWIFT_EMIT_LOC_STRINGS = YES;
			};
			name = Release;
		};
		F65A63062FD9BC7C00BED8CF /* Debug */ = {
			isa = XCBuildConfiguration;
			buildSettings = {
				ALWAYS_SEARCH_USER_PATHS = NO;
				ASSETCATALOG_COMPILER_GENERATE_SWIFT_ASSET_SYMBOL_EXTENSIONS = YES;
				CLANG_ANALYZER_NONNULL = YES;
				CLANG_ANALYZER_NUMBER_OBJECT_CONVERSION = YES_AGGRESSIVE;
				CLANG_CXX_LANGUAGE_STANDARD = "gnu++20";
				CLANG_ENABLE_MODULES = YES;
				CLANG_ENABLE_OBJC_ARC = YES;
				CLANG_ENABLE_OBJC_WEAK = YES;
				CLANG_WARN_BLOCK_CAPTURE_AUTORELEASING = YES;
				CLANG_WARN_BOOL_CONVERSION = YES;
				CLANG_WARN_COMMA = YES;
				CLANG_WARN_CONSTANT_CONVERSION = YES;
				CLANG_WARN_DEPRECATED_OBJC_IMPLEMENTATIONS = YES;
				CLANG_WARN_DIRECT_OBJC_ISA_USAGE = YES_ERROR;
				CLANG_WARN_DOCUMENTATION_COMMENTS = YES;
				CLANG_WARN_EMPTY_BODY = YES;
				CLANG_WARN_ENUM_CONVERSION = YES;
				CLANG_WARN_INFINITE_RECURSION = YES;
				CLANG_WARN_INT_CONVERSION = YES;
				CLANG_WARN_NON_LITERAL_NULL_CONVERSION = YES;
				CLANG_WARN_OBJC_IMPLICIT_RETAIN_SELF = YES;
				CLANG_WARN_OBJC_LITERAL_CONVERSION = YES;
				CLANG_WARN_OBJC_ROOT_CLASS = YES_ERROR;
				CLANG_WARN_QUOTED_INCLUDE_IN_FRAMEWORK_HEADER = YES;
				CLANG_WARN_RANGE_LOOP_ANALYSIS = YES;
				CLANG_WARN_STRICT_PROTOTYPES = YES;
				CLANG_WARN_SUSPICIOUS_MOVE = YES;
				CLANG_WARN_UNGUARDED_AVAILABILITY = YES_AGGRESSIVE;
				CLANG_WARN_UNREACHABLE_CODE = YES;
				CLANG_WARN__DUPLICATE_METHOD_MATCH = YES;
				COPY_PHASE_STRIP = NO;
				DEBUG_INFORMATION_FORMAT = dwarf;
				DRIVERKIT_DEPLOYMENT_TARGET = 24.2;
				ENABLE_STRICT_OBJC_MSGSEND = YES;
				ENABLE_TESTABILITY = YES;
				ENABLE_USER_SCRIPT_SANDBOXING = YES;
				GCC_C_LANGUAGE_STANDARD = gnu17;
				GCC_DYNAMIC_NO_PIC = NO;
				GCC_NO_COMMON_BLOCKS = YES;
				GCC_OPTIMIZATION_LEVEL = 0;
				GCC_PREPROCESSOR_DEFINITIONS = (
					"DEBUG=1",
					"$(inherited)",
				);
				GCC_WARN_64_TO_32_BIT_CONVERSION = YES;
				GCC_WARN_ABOUT_RETURN_TYPE = YES_ERROR;
				GCC_WARN_UNDECLARED_SELECTOR = YES;
				GCC_WARN_UNINITIALIZED_AUTOS = YES_AGGRESSIVE;
				GCC_WARN_UNUSED_FUNCTION = YES;
				GCC_WARN_UNUSED_VARIABLE = YES;
				LOCALIZATION_PREFERS_STRING_CATALOGS = YES;
				MTL_ENABLE_DEBUG_INFO = INCLUDE_SOURCE;
				MTL_FAST_MATH = YES;
				ONLY_ACTIVE_ARCH = YES;
				SDKROOT = driverkit;
			};
			name = Debug;
		};
		F65A63072FD9BC7C00BED8CF /* Release */ = {
			isa = XCBuildConfiguration;
			buildSettings = {
				ALWAYS_SEARCH_USER_PATHS = NO;
				ASSETCATALOG_COMPILER_GENERATE_SWIFT_ASSET_SYMBOL_EXTENSIONS = YES;
				CLANG_ANALYZER_NONNULL = YES;
				CLANG_ANALYZER_NUMBER_OBJECT_CONVERSION = YES_AGGRESSIVE;
				CLANG_CXX_LANGUAGE_STANDARD = "gnu++20";
				CLANG_ENABLE_MODULES = YES;
				CLANG_ENABLE_OBJC_ARC = YES;
				CLANG_ENABLE_OBJC_WEAK = YES;
				CLANG_WARN_BLOCK_CAPTURE_AUTORELEASING = YES;
				CLANG_WARN_BOOL_CONVERSION = YES;
				CLANG_WARN_COMMA = YES;
				CLANG_WARN_CONSTANT_CONVERSION = YES;
				CLANG_WARN_DEPRECATED_OBJC_IMPLEMENTATIONS = YES;
				CLANG_WARN_DIRECT_OBJC_ISA_USAGE = YES_ERROR;
				CLANG_WARN_DOCUMENTATION_COMMENTS = YES;
				CLANG_WARN_EMPTY_BODY = YES;
				CLANG_WARN_ENUM_CONVERSION = YES;
				CLANG_WARN_INFINITE_RECURSION = YES;
				CLANG_WARN_INT_CONVERSION = YES;
				CLANG_WARN_NON_LITERAL_NULL_CONVERSION = YES;
				CLANG_WARN_OBJC_IMPLICIT_RETAIN_SELF = YES;
				CLANG_WARN_OBJC_LITERAL_CONVERSION = YES;
				CLANG_WARN_OBJC_ROOT_CLASS = YES_ERROR;
				CLANG_WARN_QUOTED_INCLUDE_IN_FRAMEWORK_HEADER = YES;
				CLANG_WARN_RANGE_LOOP_ANALYSIS = YES;
				CLANG_WARN_STRICT_PROTOTYPES = YES;
				CLANG_WARN_SUSPICIOUS_MOVE = YES;
				CLANG_WARN_UNGUARDED_AVAILABILITY = YES_AGGRESSIVE;
				CLANG_WARN_UNREACHABLE_CODE = YES;
				CLANG_WARN__DUPLICATE_METHOD_MATCH = YES;
				COPY_PHASE_STRIP = NO;
				DEBUG_INFORMATION_FORMAT = "dwarf-with-dsym";
				DRIVERKIT_DEPLOYMENT_TARGET = 24.2;
				ENABLE_NS_ASSERTIONS = NO;
				ENABLE_STRICT_OBJC_MSGSEND = YES;
				ENABLE_USER_SCRIPT_SANDBOXING = YES;
				GCC_C_LANGUAGE_STANDARD = gnu17;
				GCC_NO_COMMON_BLOCKS = YES;
				GCC_WARN_64_TO_32_BIT_CONVERSION = YES;
				GCC_WARN_ABOUT_RETURN_TYPE = YES_ERROR;
				GCC_WARN_UNDECLARED_SELECTOR = YES;
				GCC_WARN_UNINITIALIZED_AUTOS = YES_AGGRESSIVE;
				GCC_WARN_UNUSED_FUNCTION = YES;
				GCC_WARN_UNUSED_VARIABLE = YES;
				LOCALIZATION_PREFERS_STRING_CATALOGS = YES;
				MTL_ENABLE_DEBUG_INFO = NO;
				MTL_FAST_MATH = YES;
				SDKROOT = driverkit;
			};
			name = Release;
		};
		F6A7146C2FD9C44500D5C00D /* Debug */ = {
			isa = XCBuildConfiguration;
			buildSettings = {
				ASSETCATALOG_COMPILER_APPICON_NAME = AppIcon;
				ASSETCATALOG_COMPILER_GLOBAL_ACCENT_COLOR_NAME = AccentColor;
				CODE_SIGN_ENTITLEMENTS = "H1mekaRTXProbeInstaller H1mekaRTXProbeInstaller/H1mekaRTXProbeInstaller_H1mekaRTXProbeInstaller.entitlements";
				CODE_SIGN_STYLE = Automatic;
				COMBINE_HIDPI_IMAGES = YES;
				CURRENT_PROJECT_VERSION = 1;
				DEVELOPMENT_ASSET_PATHS = "\"H1mekaRTXProbeInstaller H1mekaRTXProbeInstaller/Preview Content\"";
				DEVELOPMENT_TEAM = 29PMYP22C5;
				ENABLE_HARDENED_RUNTIME = YES;
				ENABLE_PREVIEWS = YES;
				GENERATE_INFOPLIST_FILE = YES;
				INFOPLIST_KEY_NSHumanReadableCopyright = "";
				LD_RUNPATH_SEARCH_PATHS = (
					"$(inherited)",
					"@executable_path/../Frameworks",
				);
				MACOSX_DEPLOYMENT_TARGET = 14.8;
				MARKETING_VERSION = 1.0;
				PRODUCT_BUNDLE_IDENTIFIER = "com.palanbanana.H1mekaRTXProbeInstaller-H1mekaRTXProbeInstaller";
				PRODUCT_NAME = "$(TARGET_NAME)";
				SDKROOT = macosx;
				SWIFT_ACTIVE_COMPILATION_CONDITIONS = "DEBUG $(inherited)";
				SWIFT_EMIT_LOC_STRINGS = YES;
				SWIFT_OPTIMIZATION_LEVEL = "-Onone";
				SWIFT_VERSION = 5.0;
			};
			name = Debug;
		};
		F6A7146D2FD9C44500D5C00D /* Release */ = {
			isa = XCBuildConfiguration;
			buildSettings = {
				ASSETCATALOG_COMPILER_APPICON_NAME = AppIcon;
				ASSETCATALOG_COMPILER_GLOBAL_ACCENT_COLOR_NAME = AccentColor;
				CODE_SIGN_ENTITLEMENTS = "H1mekaRTXProbeInstaller H1mekaRTXProbeInstaller/H1mekaRTXProbeInstaller_H1mekaRTXProbeInstaller.entitlements";
				CODE_SIGN_STYLE = Automatic;
				COMBINE_HIDPI_IMAGES = YES;
				CURRENT_PROJECT_VERSION = 1;
				DEVELOPMENT_ASSET_PATHS = "\"H1mekaRTXProbeInstaller H1mekaRTXProbeInstaller/Preview Content\"";
				DEVELOPMENT_TEAM = 29PMYP22C5;
				ENABLE_HARDENED_RUNTIME = YES;
				ENABLE_PREVIEWS = YES;
				GENERATE_INFOPLIST_FILE = YES;
				INFOPLIST_KEY_NSHumanReadableCopyright = "";
				LD_RUNPATH_SEARCH_PATHS = (
					"$(inherited)",
					"@executable_path/../Frameworks",
				);
				MACOSX_DEPLOYMENT_TARGET = 14.8;
				MARKETING_VERSION = 1.0;
				PRODUCT_BUNDLE_IDENTIFIER = "com.palanbanana.H1mekaRTXProbeInstaller-H1mekaRTXProbeInstaller";
				PRODUCT_NAME = "$(TARGET_NAME)";
				SDKROOT = macosx;
				SWIFT_COMPILATION_MODE = wholemodule;
				SWIFT_EMIT_LOC_STRINGS = YES;
				SWIFT_VERSION = 5.0;
			};
			name = Release;
		};
		F6A7146E2FD9C44500D5C00D /* Debug */ = {
			isa = XCBuildConfiguration;
			buildSettings = {
				BUNDLE_LOADER = "$(TEST_HOST)";
				CODE_SIGN_STYLE = Automatic;
				CURRENT_PROJECT_VERSION = 1;
				DEVELOPMENT_TEAM = 29PMYP22C5;
				GENERATE_INFOPLIST_FILE = YES;
				MACOSX_DEPLOYMENT_TARGET = 14.8;
				MARKETING_VERSION = 1.0;
				PRODUCT_BUNDLE_IDENTIFIER = "com.palanbanana.H1mekaRTXProbeInstaller-H1mekaRTXProbeInstallerTests";
				PRODUCT_NAME = "$(TARGET_NAME)";
				SDKROOT = macosx;
				SWIFT_ACTIVE_COMPILATION_CONDITIONS = "DEBUG $(inherited)";
				SWIFT_EMIT_LOC_STRINGS = NO;
				SWIFT_OPTIMIZATION_LEVEL = "-Onone";
				SWIFT_VERSION = 5.0;
				TEST_HOST = "$(BUILT_PRODUCTS_DIR)/H1mekaRTXProbeInstaller H1mekaRTXProbeInstaller.app/$(BUNDLE_EXECUTABLE_FOLDER_PATH)/H1mekaRTXProbeInstaller H1mekaRTXProbeInstaller";
			};
			name = Debug;
		};
		F6A7146F2FD9C44500D5C00D /* Release */ = {
			isa = XCBuildConfiguration;
			buildSettings = {
				BUNDLE_LOADER = "$(TEST_HOST)";
				CODE_SIGN_STYLE = Automatic;
				CURRENT_PROJECT_VERSION = 1;
				DEVELOPMENT_TEAM = 29PMYP22C5;
				GENERATE_INFOPLIST_FILE = YES;
				MACOSX_DEPLOYMENT_TARGET = 14.8;
				MARKETING_VERSION = 1.0;
				PRODUCT_BUNDLE_IDENTIFIER = "com.palanbanana.H1mekaRTXProbeInstaller-H1mekaRTXProbeInstallerTests";
				PRODUCT_NAME = "$(TARGET_NAME)";
				SDKROOT = macosx;
				SWIFT_COMPILATION_MODE = wholemodule;
				SWIFT_EMIT_LOC_STRINGS = NO;
				SWIFT_VERSION = 5.0;
				TEST_HOST = "$(BUILT_PRODUCTS_DIR)/H1mekaRTXProbeInstaller H1mekaRTXProbeInstaller.app/$(BUNDLE_EXECUTABLE_FOLDER_PATH)/H1mekaRTXProbeInstaller H1mekaRTXProbeInstaller";
			};
			name = Release;
		};
		F6A714702FD9C44500D5C00D /* Debug */ = {
			isa = XCBuildConfiguration;
			buildSettings = {
				CODE_SIGN_STYLE = Automatic;
				CURRENT_PROJECT_VERSION = 1;
				DEVELOPMENT_TEAM = 29PMYP22C5;
				GENERATE_INFOPLIST_FILE = YES;
				MACOSX_DEPLOYMENT_TARGET = 14.8;
				MARKETING_VERSION = 1.0;
				PRODUCT_BUNDLE_IDENTIFIER = "com.palanbanana.H1mekaRTXProbeInstaller-H1mekaRTXProbeInstallerUITests";
				PRODUCT_NAME = "$(TARGET_NAME)";
				SDKROOT = macosx;
				SWIFT_ACTIVE_COMPILATION_CONDITIONS = "DEBUG $(inherited)";
				SWIFT_EMIT_LOC_STRINGS = NO;
				SWIFT_OPTIMIZATION_LEVEL = "-Onone";
				SWIFT_VERSION = 5.0;
				TEST_TARGET_NAME = "H1mekaRTXProbeInstaller H1mekaRTXProbeInstaller";
			};
			name = Debug;
		};
		F6A714712FD9C44500D5C00D /* Release */ = {
			isa = XCBuildConfiguration;
			buildSettings = {
				CODE_SIGN_STYLE = Automatic;
				CURRENT_PROJECT_VERSION = 1;
				DEVELOPMENT_TEAM = 29PMYP22C5;
				GENERATE_INFOPLIST_FILE = YES;
				MACOSX_DEPLOYMENT_TARGET = 14.8;
				MARKETING_VERSION = 1.0;
				PRODUCT_BUNDLE_IDENTIFIER = "com.palanbanana.H1mekaRTXProbeInstaller-H1mekaRTXProbeInstallerUITests";
				PRODUCT_NAME = "$(TARGET_NAME)";
				SDKROOT = macosx;
				SWIFT_COMPILATION_MODE = wholemodule;
				SWIFT_EMIT_LOC_STRINGS = NO;
				SWIFT_VERSION = 5.0;
				TEST_TARGET_NAME = "H1mekaRTXProbeInstaller H1mekaRTXProbeInstaller";
			};
			name = Release;
		};
/* End XCBuildConfiguration section */

/* Begin XCConfigurationList section */
		F65A62F12FD9BC7C00BED8CF /* Build configuration list for PBXProject "H1mekaRTXProbeHost" */ = {
			isa = XCConfigurationList;
			buildConfigurations = (
				F65A63062FD9BC7C00BED8CF /* Debug */,
				F65A63072FD9BC7C00BED8CF /* Release */,
			);
			defaultConfigurationIsVisible = 0;
			defaultConfigurationName = Release;
		};
		F65A63032FD9BC7C00BED8CF /* Build configuration list for PBXNativeTarget "H1mekaRTXProbeHost" */ = {
			isa = XCConfigurationList;
			buildConfigurations = (
				F65A63042FD9BC7C00BED8CF /* Debug */,
				F65A63052FD9BC7C00BED8CF /* Release */,
			);
			defaultConfigurationIsVisible = 0;
			defaultConfigurationName = Release;
		};
		F6A714722FD9C44500D5C00D /* Build configuration list for PBXNativeTarget "H1mekaRTXProbeInstaller H1mekaRTXProbeInstaller" */ = {
			isa = XCConfigurationList;
			buildConfigurations = (
				F6A7146C2FD9C44500D5C00D /* Debug */,
				F6A7146D2FD9C44500D5C00D /* Release */,
			);
			defaultConfigurationIsVisible = 0;
			defaultConfigurationName = Release;
		};
		F6A714732FD9C44500D5C00D /* Build configuration list for PBXNativeTarget "H1mekaRTXProbeInstaller H1mekaRTXProbeInstallerTests" */ = {
			isa = XCConfigurationList;
			buildConfigurations = (
				F6A7146E2FD9C44500D5C00D /* Debug */,
				F6A7146F2FD9C44500D5C00D /* Release */,
			);
			defaultConfigurationIsVisible = 0;
			defaultConfigurationName = Release;
		};
		F6A714742FD9C44500D5C00D /* Build configuration list for PBXNativeTarget "H1mekaRTXProbeInstaller H1mekaRTXProbeInstallerUITests" */ = {
			isa = XCConfigurationList;
			buildConfigurations = (
				F6A714702FD9C44500D5C00D /* Debug */,
				F6A714712FD9C44500D5C00D /* Release */,
			);
			defaultConfigurationIsVisible = 0;
			defaultConfigurationName = Release;
		};
/* End XCConfigurationList section */
	};
	rootObject = F65A62EE2FD9BC7C00BED8CF /* Project object */;
}
